// !$*UTF8*$!
{
	archiveVersion = 1;
	classes = {
	};
	objectVersion = 56;
	objects = {

/* Begin PBXBuildFile section */
		55514B632C35FA7C006B2494 /* Nunito-Bold.ttf in Resources */ = {isa = PBXBuildFile; fileRef = 55514B612C35FA7C006B2494 /* Nunito-Bold.ttf */; };
		558FEC242C3727A8000FF6EC /* GreetingView.swift in Sources */ = {isa = PBXBuildFile; fileRef = 558FEC232C3727A8000FF6EC /* GreetingView.swift */; };
		558FEC282C372B50000FF6EC /* Poppins-Bold.ttf in Resources */ = {isa = PBXBuildFile; fileRef = 558FEC252C372B50000FF6EC /* Poppins-Bold.ttf */; };
		558FEC292C372B50000FF6EC /* Poppins-Regular.ttf in Resources */ = {isa = PBXBuildFile; fileRef = 558FEC262C372B50000FF6EC /* Poppins-Regular.ttf */; };
		55B2631F2C3580F8009A2C06 /* TabBarPresenter.swift in Sources */ = {isa = PBXBuildFile; fileRef = 55B2631E2C3580F8009A2C06 /* TabBarPresenter.swift */; };
		55B263212C358108009A2C06 /* TabBarModel.swift in Sources */ = {isa = PBXBuildFile; fileRef = 55B263202C358108009A2C06 /* TabBarModel.swift */; };
		55B263262C3598FD009A2C06 /* HomeController.swift in Sources */ = {isa = PBXBuildFile; fileRef = 55B263252C3598FD009A2C06 /* HomeController.swift */; };
		55B263282C35990A009A2C06 /* ScheduleController.swift in Sources */ = {isa = PBXBuildFile; fileRef = 55B263272C35990A009A2C06 /* ScheduleController.swift */; };
		55B2632A2C359912009A2C06 /* MessagesController.swift in Sources */ = {isa = PBXBuildFile; fileRef = 55B263292C359912009A2C06 /* MessagesController.swift */; };
		55B2632C2C359928009A2C06 /* HomePresenter.swift in Sources */ = {isa = PBXBuildFile; fileRef = 55B2632B2C359928009A2C06 /* HomePresenter.swift */; };
		55B2632E2C359930009A2C06 /* SchedulePresenter.swift in Sources */ = {isa = PBXBuildFile; fileRef = 55B2632D2C359930009A2C06 /* SchedulePresenter.swift */; };
		55B263302C359938009A2C06 /* MessagesPresenter.swift in Sources */ = {isa = PBXBuildFile; fileRef = 55B2632F2C359938009A2C06 /* MessagesPresenter.swift */; };
		55B263322C359942009A2C06 /* ProfilePresenter.swift in Sources */ = {isa = PBXBuildFile; fileRef = 55B263312C359942009A2C06 /* ProfilePresenter.swift */; };
		55B263342C35994E009A2C06 /* ProfileController.swift in Sources */ = {isa = PBXBuildFile; fileRef = 55B263332C35994E009A2C06 /* ProfileController.swift */; };
		55B263362C359956009A2C06 /* HomeModel.swift in Sources */ = {isa = PBXBuildFile; fileRef = 55B263352C359956009A2C06 /* HomeModel.swift */; };
		55B263382C35995E009A2C06 /* ScheduleModel.swift in Sources */ = {isa = PBXBuildFile; fileRef = 55B263372C35995E009A2C06 /* ScheduleModel.swift */; };
		55B2633A2C359963009A2C06 /* MessagesModel.swift in Sources */ = {isa = PBXBuildFile; fileRef = 55B263392C359963009A2C06 /* MessagesModel.swift */; };
		55B2633C2C359968009A2C06 /* ProfileModel.swift in Sources */ = {isa = PBXBuildFile; fileRef = 55B2633B2C359968009A2C06 /* ProfileModel.swift */; };
		55B2633F2C35AF4A009A2C06 /* TabBarItem.swift in Sources */ = {isa = PBXBuildFile; fileRef = 55B2633E2C35AF4A009A2C06 /* TabBarItem.swift */; };
		55B263422C35E78C009A2C06 /* Localizable.strings in Resources */ = {isa = PBXBuildFile; fileRef = 55B263402C35E78C009A2C06 /* Localizable.strings */; };
		55FE425B2C352B4800275603 /* AppDelegate.swift in Sources */ = {isa = PBXBuildFile; fileRef = 55FE425A2C352B4800275603 /* AppDelegate.swift */; };
		55FE425D2C352B4800275603 /* SceneDelegate.swift in Sources */ = {isa = PBXBuildFile; fileRef = 55FE425C2C352B4800275603 /* SceneDelegate.swift */; };
		55FE42652C352B4800275603 /* Doctor_Appointment.xcdatamodeld in Sources */ = {isa = PBXBuildFile; fileRef = 55FE42632C352B4800275603 /* Doctor_Appointment.xcdatamodeld */; };
		55FE42672C352B4A00275603 /* Assets.xcassets in Resources */ = {isa = PBXBuildFile; fileRef = 55FE42662C352B4A00275603 /* Assets.xcassets */; };
		55FE426A2C352B4A00275603 /* Base in Resources */ = {isa = PBXBuildFile; fileRef = 55FE42692C352B4A00275603 /* Base */; };
		55FE42752C352C2F00275603 /* TabBarController.swift in Sources */ = {isa = PBXBuildFile; fileRef = 55FE42742C352C2F00275603 /* TabBarController.swift */; };
/* End PBXBuildFile section */

/* Begin PBXFileReference section */
		55514B612C35FA7C006B2494 /* Nunito-Bold.ttf */ = {isa = PBXFileReference; lastKnownFileType = file; path = "Nunito-Bold.ttf"; sourceTree = "<group>"; };
		558FEC232C3727A8000FF6EC /* GreetingView.swift */ = {isa = PBXFileReference; lastKnownFileType = sourcecode.swift; path = GreetingView.swift; sourceTree = "<group>"; };
		558FEC252C372B50000FF6EC /* Poppins-Bold.ttf */ = {isa = PBXFileReference; lastKnownFileType = file; path = "Poppins-Bold.ttf"; sourceTree = "<group>"; };
		558FEC262C372B50000FF6EC /* Poppins-Regular.ttf */ = {isa = PBXFileReference; lastKnownFileType = file; path = "Poppins-Regular.ttf"; sourceTree = "<group>"; };
		55B2631E2C3580F8009A2C06 /* TabBarPresenter.swift */ = {isa = PBXFileReference; lastKnownFileType = sourcecode.swift; path = TabBarPresenter.swift; sourceTree = "<group>"; };
		55B263202C358108009A2C06 /* TabBarModel.swift */ = {isa = PBXFileReference; lastKnownFileType = sourcecode.swift; path = TabBarModel.swift; sourceTree = "<group>"; };
		55B263252C3598FD009A2C06 /* HomeController.swift */ = {isa = PBXFileReference; lastKnownFileType = sourcecode.swift; path = HomeController.swift; sourceTree = "<group>"; };
		55B263272C35990A009A2C06 /* ScheduleController.swift */ = {isa = PBXFileReference; lastKnownFileType = sourcecode.swift; path = ScheduleController.swift; sourceTree = "<group>"; };
		55B263292C359912009A2C06 /* MessagesController.swift */ = {isa = PBXFileReference; lastKnownFileType = sourcecode.swift; path = MessagesController.swift; sourceTree = "<group>"; };
		55B2632B2C359928009A2C06 /* HomePresenter.swift */ = {isa = PBXFileReference; lastKnownFileType = sourcecode.swift; path = HomePresenter.swift; sourceTree = "<group>"; };
		55B2632D2C359930009A2C06 /* SchedulePresenter.swift */ = {isa = PBXFileReference; lastKnownFileType = sourcecode.swift; path = SchedulePresenter.swift; sourceTree = "<group>"; };
		55B2632F2C359938009A2C06 /* MessagesPresenter.swift */ = {isa = PBXFileReference; lastKnownFileType = sourcecode.swift; path = MessagesPresenter.swift; sourceTree = "<group>"; };
		55B263312C359942009A2C06 /* ProfilePresenter.swift */ = {isa = PBXFileReference; lastKnownFileType = sourcecode.swift; path = ProfilePresenter.swift; sourceTree = "<group>"; };
		55B263332C35994E009A2C06 /* ProfileController.swift */ = {isa = PBXFileReference; lastKnownFileType = sourcecode.swift; path = ProfileController.swift; sourceTree = "<group>"; };
		55B263352C359956009A2C06 /* HomeModel.swift */ = {isa = PBXFileReference; lastKnownFileType = sourcecode.swift; path = HomeModel.swift; sourceTree = "<group>"; };
		55B263372C35995E009A2C06 /* ScheduleModel.swift */ = {isa = PBXFileReference; lastKnownFileType = sourcecode.swift; path = ScheduleModel.swift; sourceTree = "<group>"; };
		55B263392C359963009A2C06 /* MessagesModel.swift */ = {isa = PBXFileReference; lastKnownFileType = sourcecode.swift; path = MessagesModel.swift; sourceTree = "<group>"; };
		55B2633B2C359968009A2C06 /* ProfileModel.swift */ = {isa = PBXFileReference; lastKnownFileType = sourcecode.swift; path = ProfileModel.swift; sourceTree = "<group>"; };
		55B2633E2C35AF4A009A2C06 /* TabBarItem.swift */ = {isa = PBXFileReference; lastKnownFileType = sourcecode.swift; path = TabBarItem.swift; sourceTree = "<group>"; };
		55B263412C35E78C009A2C06 /* en */ = {isa = PBXFileReference; lastKnownFileType = text.plist.strings; name = en; path = en.lproj/Localizable.strings; sourceTree = "<group>"; };
		55B263432C35E7C0009A2C06 /* ru */ = {isa = PBXFileReference; lastKnownFileType = text.plist.strings; name = ru; path = ru.lproj/Localizable.strings; sourceTree = "<group>"; };
		55FE42572C352B4800275603 /* Doctor Appointment.app */ = {isa = PBXFileReference; explicitFileType = wrapper.application; includeInIndex = 0; path = "Doctor Appointment.app"; sourceTree = BUILT_PRODUCTS_DIR; };
		55FE425A2C352B4800275603 /* AppDelegate.swift */ = {isa = PBXFileReference; lastKnownFileType = sourcecode.swift; path = AppDelegate.swift; sourceTree = "<group>"; };
		55FE425C2C352B4800275603 /* SceneDelegate.swift */ = {isa = PBXFileReference; lastKnownFileType = sourcecode.swift; path = SceneDelegate.swift; sourceTree = "<group>"; };
		55FE42642C352B4800275603 /* Doctor_Appointment.xcdatamodel */ = {isa = PBXFileReference; lastKnownFileType = wrapper.xcdatamodel; path = Doctor_Appointment.xcdatamodel; sourceTree = "<group>"; };
		55FE42662C352B4A00275603 /* Assets.xcassets */ = {isa = PBXFileReference; lastKnownFileType = folder.assetcatalog; path = Assets.xcassets; sourceTree = "<group>"; };
		55FE42692C352B4A00275603 /* Base */ = {isa = PBXFileReference; lastKnownFileType = file.storyboard; name = Base; path = Base.lproj/LaunchScreen.storyboard; sourceTree = "<group>"; };
		55FE426B2C352B4A00275603 /* Info.plist */ = {isa = PBXFileReference; lastKnownFileType = text.plist.xml; path = Info.plist; sourceTree = "<group>"; };
		55FE42742C352C2F00275603 /* TabBarController.swift */ = {isa = PBXFileReference; lastKnownFileType = sourcecode.swift; path = TabBarController.swift; sourceTree = "<group>"; };
/* End PBXFileReference section */

/* Begin PBXFrameworksBuildPhase section */
		55FE42542C352B4800275603 /* Frameworks */ = {
			isa = PBXFrameworksBuildPhase;
			buildActionMask = 2147483647;
			files = (
			);
			runOnlyForDeploymentPostprocessing = 0;
		};
/* End PBXFrameworksBuildPhase section */

/* Begin PBXGroup section */
		55514B622C35FA7C006B2494 /* Nunito */ = {
			isa = PBXGroup;
			children = (
				55514B612C35FA7C006B2494 /* Nunito-Bold.ttf */,
			);
			path = Nunito;
			sourceTree = "<group>";
		};
		558FEC272C372B50000FF6EC /* Poppins */ = {
			isa = PBXGroup;
			children = (
				558FEC252C372B50000FF6EC /* Poppins-Bold.ttf */,
				558FEC262C372B50000FF6EC /* Poppins-Regular.ttf */,
			);
			path = Poppins;
			sourceTree = "<group>";
		};
		558FEC2A2C372B65000FF6EC /* Fonts */ = {
			isa = PBXGroup;
			children = (
				55514B622C35FA7C006B2494 /* Nunito */,
				558FEC272C372B50000FF6EC /* Poppins */,
			);
			path = Fonts;
			sourceTree = "<group>";
		};
		5591CADF2C370E60008B7394 /* Home */ = {
			isa = PBXGroup;
			children = (
				55B263252C3598FD009A2C06 /* HomeController.swift */,
				558FEC232C3727A8000FF6EC /* GreetingView.swift */,
			);
			path = Home;
			sourceTree = "<group>";
		};
		55B263222C3595C8009A2C06 /* Views */ = {
			isa = PBXGroup;
			children = (
				5591CADF2C370E60008B7394 /* Home */,
				55B2633D2C35AF2F009A2C06 /* TabBar */,
				55B263272C35990A009A2C06 /* ScheduleController.swift */,
				55B263292C359912009A2C06 /* MessagesController.swift */,
				55B263332C35994E009A2C06 /* ProfileController.swift */,
			);
			path = Views;
			sourceTree = "<group>";
		};
		55B263232C3595CD009A2C06 /* Presenters */ = {
			isa = PBXGroup;
			children = (
				55B2631E2C3580F8009A2C06 /* TabBarPresenter.swift */,
				55B2632B2C359928009A2C06 /* HomePresenter.swift */,
				55B2632D2C359930009A2C06 /* SchedulePresenter.swift */,
				55B2632F2C359938009A2C06 /* MessagesPresenter.swift */,
				55B263312C359942009A2C06 /* ProfilePresenter.swift */,
			);
			path = Presenters;
			sourceTree = "<group>";
		};
		55B263242C3595D9009A2C06 /* Models */ = {
			isa = PBXGroup;
			children = (
				55B263202C358108009A2C06 /* TabBarModel.swift */,
				55B263352C359956009A2C06 /* HomeModel.swift */,
				55B263372C35995E009A2C06 /* ScheduleModel.swift */,
				55B263392C359963009A2C06 /* MessagesModel.swift */,
				55B2633B2C359968009A2C06 /* ProfileModel.swift */,
			);
			path = Models;
			sourceTree = "<group>";
		};
		55B2633D2C35AF2F009A2C06 /* TabBar */ = {
			isa = PBXGroup;
			children = (
				55FE42742C352C2F00275603 /* TabBarController.swift */,
				55B2633E2C35AF4A009A2C06 /* TabBarItem.swift */,
			);
			path = TabBar;
			sourceTree = "<group>";
		};
		55B263442C35E829009A2C06 /* Resources */ = {
			isa = PBXGroup;
			children = (
				558FEC2A2C372B65000FF6EC /* Fonts */,
				55FE426B2C352B4A00275603 /* Info.plist */,
				55B263402C35E78C009A2C06 /* Localizable.strings */,
				55FE42662C352B4A00275603 /* Assets.xcassets */,
				55FE42682C352B4A00275603 /* LaunchScreen.storyboard */,
				55FE42632C352B4800275603 /* Doctor_Appointment.xcdatamodeld */,
			);
			path = Resources;
			sourceTree = "<group>";
		};
		55B263462C35EF8F009A2C06 /* App */ = {
			isa = PBXGroup;
			children = (
				55FE425A2C352B4800275603 /* AppDelegate.swift */,
				55FE425C2C352B4800275603 /* SceneDelegate.swift */,
			);
			path = App;
			sourceTree = "<group>";
		};
		55FE424E2C352B4800275603 = {
			isa = PBXGroup;
			children = (
				55FE42592C352B4800275603 /* Doctor Appointment */,
				55FE42582C352B4800275603 /* Products */,
			);
			sourceTree = "<group>";
		};
		55FE42582C352B4800275603 /* Products */ = {
			isa = PBXGroup;
			children = (
				55FE42572C352B4800275603 /* Doctor Appointment.app */,
			);
			name = Products;
			sourceTree = "<group>";
		};
		55FE42592C352B4800275603 /* Doctor Appointment */ = {
			isa = PBXGroup;
			children = (
				55B263242C3595D9009A2C06 /* Models */,
				55B263222C3595C8009A2C06 /* Views */,
				55B263232C3595CD009A2C06 /* Presenters */,
				55B263462C35EF8F009A2C06 /* App */,
				55B263442C35E829009A2C06 /* Resources */,
			);
			path = "Doctor Appointment";
			sourceTree = "<group>";
		};
/* End PBXGroup section */

/* Begin PBXNativeTarget section */
		55FE42562C352B4800275603 /* Doctor Appointment */ = {
			isa = PBXNativeTarget;
			buildConfigurationList = 55FE426E2C352B4A00275603 /* Build configuration list for PBXNativeTarget "Doctor Appointment" */;
			buildPhases = (
				55FE42532C352B4800275603 /* Sources */,
				55FE42542C352B4800275603 /* Frameworks */,
				55FE42552C352B4800275603 /* Resources */,
			);
			buildRules = (
			);
			dependencies = (
			);
			name = "Doctor Appointment";
			productName = "Doctor Appointment";
			productReference = 55FE42572C352B4800275603 /* Doctor Appointment.app */;
			productType = "com.apple.product-type.application";
		};
/* End PBXNativeTarget section */

/* Begin PBXProject section */
		55FE424F2C352B4800275603 /* Project object */ = {
			isa = PBXProject;
			attributes = {
				BuildIndependentTargetsInParallel = 1;
				LastSwiftUpdateCheck = 1530;
				LastUpgradeCheck = 1530;
				TargetAttributes = {
					55FE42562C352B4800275603 = {
						CreatedOnToolsVersion = 15.3;
					};
				};
			};
			buildConfigurationList = 55FE42522C352B4800275603 /* Build configuration list for PBXProject "Doctor Appointment" */;
			compatibilityVersion = "Xcode 14.0";
			developmentRegion = en;
			hasScannedForEncodings = 0;
			knownRegions = (
				en,
				Base,
				ru,
			);
			mainGroup = 55FE424E2C352B4800275603;
			productRefGroup = 55FE42582C352B4800275603 /* Products */;
			projectDirPath = "";
			projectRoot = "";
			targets = (
				55FE42562C352B4800275603 /* Doctor Appointment */,
			);
		};
/* End PBXProject section */

/* Begin PBXResourcesBuildPhase section */
		55FE42552C352B4800275603 /* Resources */ = {
			isa = PBXResourcesBuildPhase;
			buildActionMask = 2147483647;
			files = (
				55FE42672C352B4A00275603 /* Assets.xcassets in Resources */,
				55514B632C35FA7C006B2494 /* Nunito-Bold.ttf in Resources */,
				558FEC282C372B50000FF6EC /* Poppins-Bold.ttf in Resources */,
				558FEC292C372B50000FF6EC /* Poppins-Regular.ttf in Resources */,
				55B263422C35E78C009A2C06 /* Localizable.strings in Resources */,
				55FE426A2C352B4A00275603 /* Base in Resources */,
			);
			runOnlyForDeploymentPostprocessing = 0;
		};
/* End PBXResourcesBuildPhase section */

/* Begin PBXSourcesBuildPhase section */
		55FE42532C352B4800275603 /* Sources */ = {
			isa = PBXSourcesBuildPhase;
			buildActionMask = 2147483647;
			files = (
				55B2631F2C3580F8009A2C06 /* TabBarPresenter.swift in Sources */,
				55B263212C358108009A2C06 /* TabBarModel.swift in Sources */,
				55B263302C359938009A2C06 /* MessagesPresenter.swift in Sources */,
				55B263262C3598FD009A2C06 /* HomeController.swift in Sources */,
				55B2632C2C359928009A2C06 /* HomePresenter.swift in Sources */,
				55FE42652C352B4800275603 /* Doctor_Appointment.xcdatamodeld in Sources */,
				55B2632E2C359930009A2C06 /* SchedulePresenter.swift in Sources */,
				55B263342C35994E009A2C06 /* ProfileController.swift in Sources */,
				55B263362C359956009A2C06 /* HomeModel.swift in Sources */,
				55B2633C2C359968009A2C06 /* ProfileModel.swift in Sources */,
				55B263282C35990A009A2C06 /* ScheduleController.swift in Sources */,
				55FE425B2C352B4800275603 /* AppDelegate.swift in Sources */,
				55FE42752C352C2F00275603 /* TabBarController.swift in Sources */,
				558FEC242C3727A8000FF6EC /* GreetingView.swift in Sources */,
				55B2633F2C35AF4A009A2C06 /* TabBarItem.swift in Sources */,
				55B2633A2C359963009A2C06 /* MessagesModel.swift in Sources */,
				55B263382C35995E009A2C06 /* ScheduleModel.swift in Sources */,
				55FE425D2C352B4800275603 /* SceneDelegate.swift in Sources */,
				55B2632A2C359912009A2C06 /* MessagesController.swift in Sources */,
				55B263322C359942009A2C06 /* ProfilePresenter.swift in Sources */,
			);
			runOnlyForDeploymentPostprocessing = 0;
		};
/* End PBXSourcesBuildPhase section */

/* Begin PBXVariantGroup section */
		55B263402C35E78C009A2C06 /* Localizable.strings */ = {
			isa = PBXVariantGroup;
			children = (
				55B263412C35E78C009A2C06 /* en */,
				55B263432C35E7C0009A2C06 /* ru */,
			);
			name = Localizable.strings;
			sourceTree = "<group>";
		};
		55FE42682C352B4A00275603 /* LaunchScreen.storyboard */ = {
			isa = PBXVariantGroup;
			children = (
				55FE42692C352B4A00275603 /* Base */,
			);
			name = LaunchScreen.storyboard;
			sourceTree = "<group>";
		};
/* End PBXVariantGroup section */

/* Begin XCBuildConfiguration section */
		55FE426C2C352B4A00275603 /* Debug */ = {
			isa = XCBuildConfiguration;
			buildSettings = {
				ALWAYS_SEARCH_USER_PATHS = NO;
				ASSETCATALOG_COMPILER_GENERATE_SWIFT_ASSET_SYMBOL_EXTENSIONS = YES;
				CLANG_ANALYZER_LOCALIZABILITY_NONLOCALIZED = YES;
				CLANG_ANALYZER_NONNULL = YES;
				CLANG_ANALYZER_NUMBER_OBJECT_CONVERSION = YES_AGGRESSIVE;
				CLANG_CXX_LANGUAGE_STANDARD = "gnu++20";
				CLANG_ENABLE_MODULES = YES;
				CLANG_ENABLE_OBJC_ARC = YES;
				CLANG_ENABLE_OBJC_WEAK = YES;
				CLANG_WARN_BLOCK_CAPTURE_AUTORELEASING = YES;
				CLANG_WARN_BOOL_CONVERSION = YES;
				CLANG_WARN_COMMA = YES;
				CLANG_WARN_CONSTANT_CONVERSION = YES;
				CLANG_WARN_DEPRECATED_OBJC_IMPLEMENTATIONS = YES;
				CLANG_WARN_DIRECT_OBJC_ISA_USAGE = YES_ERROR;
				CLANG_WARN_DOCUMENTATION_COMMENTS = YES;
				CLANG_WARN_EMPTY_BODY = YES;
				CLANG_WARN_ENUM_CONVERSION = YES;
				CLANG_WARN_INFINITE_RECURSION = YES;
				CLANG_WARN_INT_CONVERSION = YES;
				CLANG_WARN_NON_LITERAL_NULL_CONVERSION = YES;
				CLANG_WARN_OBJC_IMPLICIT_RETAIN_SELF = YES;
				CLANG_WARN_OBJC_LITERAL_CONVERSION = YES;
				CLANG_WARN_OBJC_ROOT_CLASS = YES_ERROR;
				CLANG_WARN_QUOTED_INCLUDE_IN_FRAMEWORK_HEADER = YES;
				CLANG_WARN_RANGE_LOOP_ANALYSIS = YES;
				CLANG_WARN_STRICT_PROTOTYPES = YES;
				CLANG_WARN_SUSPICIOUS_MOVE = YES;
				CLANG_WARN_UNGUARDED_AVAILABILITY = YES_AGGRESSIVE;
				CLANG_WARN_UNREACHABLE_CODE = YES;
				CLANG_WARN__DUPLICATE_METHOD_MATCH = YES;
				COPY_PHASE_STRIP = NO;
				DEBUG_INFORMATION_FORMAT = dwarf;
				ENABLE_STRICT_OBJC_MSGSEND = YES;
				ENABLE_TESTABILITY = YES;
				ENABLE_USER_SCRIPT_SANDBOXING = YES;
				GCC_C_LANGUAGE_STANDARD = gnu17;
				GCC_DYNAMIC_NO_PIC = NO;
				GCC_NO_COMMON_BLOCKS = YES;
				GCC_OPTIMIZATION_LEVEL = 0;
				GCC_PREPROCESSOR_DEFINITIONS = (
					"DEBUG=1",
					"$(inherited)",
				);
				GCC_WARN_64_TO_32_BIT_CONVERSION = YES;
				GCC_WARN_ABOUT_RETURN_TYPE = YES_ERROR;
				GCC_WARN_UNDECLARED_SELECTOR = YES;
				GCC_WARN_UNINITIALIZED_AUTOS = YES_AGGRESSIVE;
				GCC_WARN_UNUSED_FUNCTION = YES;
				GCC_WARN_UNUSED_VARIABLE = YES;
				INFOPLIST_FILE = "Doctor Appointment/Resources/Info.plist";
				IPHONEOS_DEPLOYMENT_TARGET = 13.0;
				LOCALIZATION_PREFERS_STRING_CATALOGS = YES;
				MTL_ENABLE_DEBUG_INFO = INCLUDE_SOURCE;
				MTL_FAST_MATH = YES;
				ONLY_ACTIVE_ARCH = YES;
				SDKROOT = iphoneos;
				SWIFT_ACTIVE_COMPILATION_CONDITIONS = "DEBUG $(inherited)";
				SWIFT_OPTIMIZATION_LEVEL = "-Onone";
			};
			name = Debug;
		};
		55FE426D2C352B4A00275603 /* Release */ = {
			isa = XCBuildConfiguration;
			buildSettings = {
				ALWAYS_SEARCH_USER_PATHS = NO;
				ASSETCATALOG_COMPILER_GENERATE_SWIFT_ASSET_SYMBOL_EXTENSIONS = YES;
				CLANG_ANALYZER_LOCALIZABILITY_NONLOCALIZED = YES;
				CLANG_ANALYZER_NONNULL = YES;
				CLANG_ANALYZER_NUMBER_OBJECT_CONVERSION = YES_AGGRESSIVE;
				CLANG_CXX_LANGUAGE_STANDARD = "gnu++20";
				CLANG_ENABLE_MODULES = YES;
				CLANG_ENABLE_OBJC_ARC = YES;
				CLANG_ENABLE_OBJC_WEAK = YES;
				CLANG_WARN_BLOCK_CAPTURE_AUTORELEASING = YES;
				CLANG_WARN_BOOL_CONVERSION = YES;
				CLANG_WARN_COMMA = YES;
				CLANG_WARN_CONSTANT_CONVERSION = YES;
				CLANG_WARN_DEPRECATED_OBJC_IMPLEMENTATIONS = YES;
				CLANG_WARN_DIRECT_OBJC_ISA_USAGE = YES_ERROR;
				CLANG_WARN_DOCUMENTATION_COMMENTS = YES;
				CLANG_WARN_EMPTY_BODY = YES;
				CLANG_WARN_ENUM_CONVERSION = YES;
				CLANG_WARN_INFINITE_RECURSION = YES;
				CLANG_WARN_INT_CONVERSION = YES;
				CLANG_WARN_NON_LITERAL_NULL_CONVERSION = YES;
				CLANG_WARN_OBJC_IMPLICIT_RETAIN_SELF = YES;
				CLANG_WARN_OBJC_LITERAL_CONVERSION = YES;
				CLANG_WARN_OBJC_ROOT_CLASS = YES_ERROR;
				CLANG_WARN_QUOTED_INCLUDE_IN_FRAMEWORK_HEADER = YES;
				CLANG_WARN_RANGE_LOOP_ANALYSIS = YES;
				CLANG_WARN_STRICT_PROTOTYPES = YES;
				CLANG_WARN_SUSPICIOUS_MOVE = YES;
				CLANG_WARN_UNGUARDED_AVAILABILITY = YES_AGGRESSIVE;
				CLANG_WARN_UNREACHABLE_CODE = YES;
				CLANG_WARN__DUPLICATE_METHOD_MATCH = YES;
				COPY_PHASE_STRIP = NO;
				DEBUG_INFORMATION_FORMAT = "dwarf-with-dsym";
				ENABLE_NS_ASSERTIONS = NO;
				ENABLE_STRICT_OBJC_MSGSEND = YES;
				ENABLE_USER_SCRIPT_SANDBOXING = YES;
				GCC_C_LANGUAGE_STANDARD = gnu17;
				GCC_NO_COMMON_BLOCKS = YES;
				GCC_WARN_64_TO_32_BIT_CONVERSION = YES;
				GCC_WARN_ABOUT_RETURN_TYPE = YES_ERROR;
				GCC_WARN_UNDECLARED_SELECTOR = YES;
				GCC_WARN_UNINITIALIZED_AUTOS = YES_AGGRESSIVE;
				GCC_WARN_UNUSED_FUNCTION = YES;
				GCC_WARN_UNUSED_VARIABLE = YES;
				INFOPLIST_FILE = "Doctor Appointment/Resources/Info.plist";
				IPHONEOS_DEPLOYMENT_TARGET = 13.0;
				LOCALIZATION_PREFERS_STRING_CATALOGS = YES;
				MTL_ENABLE_DEBUG_INFO = NO;
				MTL_FAST_MATH = YES;
				SDKROOT = iphoneos;
				SWIFT_COMPILATION_MODE = wholemodule;
				VALIDATE_PRODUCT = YES;
			};
			name = Release;
		};
		55FE426F2C352B4A00275603 /* Debug */ = {
			isa = XCBuildConfiguration;
			buildSettings = {
				ASSETCATALOG_COMPILER_APPICON_NAME = AppIcon;
				ASSETCATALOG_COMPILER_GLOBAL_ACCENT_COLOR_NAME = AccentColor;
				CODE_SIGN_STYLE = Automatic;
				CURRENT_PROJECT_VERSION = 1;
				DEVELOPMENT_TEAM = NY3Q6546TM;
				GENERATE_INFOPLIST_FILE = YES;
				INFOPLIST_FILE = "Doctor Appointment/Resources/Info.plist";
				INFOPLIST_KEY_UIApplicationSupportsIndirectInputEvents = YES;
				INFOPLIST_KEY_UILaunchStoryboardName = LaunchScreen;
				INFOPLIST_KEY_UISupportedInterfaceOrientations_iPad = "UIInterfaceOrientationPortrait UIInterfaceOrientationPortraitUpsideDown UIInterfaceOrientationLandscapeLeft UIInterfaceOrientationLandscapeRight";
				INFOPLIST_KEY_UISupportedInterfaceOrientations_iPhone = "UIInterfaceOrientationPortrait UIInterfaceOrientationLandscapeLeft UIInterfaceOrientationLandscapeRight";
				IPHONEOS_DEPLOYMENT_TARGET = 13.0;
				LD_RUNPATH_SEARCH_PATHS = (
					"$(inherited)",
					"@executable_path/Frameworks",
				);
				MARKETING_VERSION = 1.0;
				PRODUCT_BUNDLE_IDENTIFIER = "IgorPustylnik.Doctor-Appointment";
				PRODUCT_NAME = "$(TARGET_NAME)";
				SWIFT_EMIT_LOC_STRINGS = YES;
				SWIFT_VERSION = 5.0;
				TARGETED_DEVICE_FAMILY = "1,2";
			};
			name = Debug;
		};
		55FE42702C352B4A00275603 /* Release */ = {
			isa = XCBuildConfiguration;
			buildSettings = {
				ASSETCATALOG_COMPILER_APPICON_NAME = AppIcon;
				ASSETCATALOG_COMPILER_GLOBAL_ACCENT_COLOR_NAME = AccentColor;
				CODE_SIGN_STYLE = Automatic;
				CURRENT_PROJECT_VERSION = 1;
				DEVELOPMENT_TEAM = NY3Q6546TM;
				GENERATE_INFOPLIST_FILE = YES;
				INFOPLIST_FILE = "Doctor Appointment/Resources/Info.plist";
				INFOPLIST_KEY_UIApplicationSupportsIndirectInputEvents = YES;
				INFOPLIST_KEY_UILaunchStoryboardName = LaunchScreen;
				INFOPLIST_KEY_UISupportedInterfaceOrientations_iPad = "UIInterfaceOrientationPortrait UIInterfaceOrientationPortraitUpsideDown UIInterfaceOrientationLandscapeLeft UIInterfaceOrientationLandscapeRight";
				INFOPLIST_KEY_UISupportedInterfaceOrientations_iPhone = "UIInterfaceOrientationPortrait UIInterfaceOrientationLandscapeLeft UIInterfaceOrientationLandscapeRight";
				IPHONEOS_DEPLOYMENT_TARGET = 13.0;
				LD_RUNPATH_SEARCH_PATHS = (
					"$(inherited)",
					"@executable_path/Frameworks",
				);
				MARKETING_VERSION = 1.0;
				PRODUCT_BUNDLE_IDENTIFIER = "IgorPustylnik.Doctor-Appointment";
				PRODUCT_NAME = "$(TARGET_NAME)";
				SWIFT_EMIT_LOC_STRINGS = YES;
				SWIFT_VERSION = 5.0;
				TARGETED_DEVICE_FAMILY = "1,2";
			};
			name = Release;
		};
/* End XCBuildConfiguration section */

/* Begin XCConfigurationList section */
		55FE42522C352B4800275603 /* Build configuration list for PBXProject "Doctor Appointment" */ = {
			isa = XCConfigurationList;
			buildConfigurations = (
				55FE426C2C352B4A00275603 /* Debug */,
				55FE426D2C352B4A00275603 /* Release */,
			);
			defaultConfigurationIsVisible = 0;
			defaultConfigurationName = Release;
		};
		55FE426E2C352B4A00275603 /* Build configuration list for PBXNativeTarget "Doctor Appointment" */ = {
			isa = XCConfigurationList;
			buildConfigurations = (
				55FE426F2C352B4A00275603 /* Debug */,
				55FE42702C352B4A00275603 /* Release */,
			);
			defaultConfigurationIsVisible = 0;
			defaultConfigurationName = Release;
		};
/* End XCConfigurationList section */

/* Begin XCVersionGroup section */
		55FE42632C352B4800275603 /* Doctor_Appointment.xcdatamodeld */ = {
			isa = XCVersionGroup;
			children = (
				55FE42642C352B4800275603 /* Doctor_Appointment.xcdatamodel */,
			);
			currentVersion = 55FE42642C352B4800275603 /* Doctor_Appointment.xcdatamodel */;
			path = Doctor_Appointment.xcdatamodeld;
			sourceTree = "<group>";
			versionGroupType = wrapper.xcdatamodel;
		};
/* End XCVersionGroup section */
	};
	rootObject = 55FE424F2C352B4800275603 /* Project object */;
}
